// !$*UTF8*$!
{
	archiveVersion = 1;
	classes = {
	};
	objectVersion = 46;
	objects = {

/* Begin PBXBuildFile section */
		F602DC961D6ED2E30076E05F /* main.m in Sources */ = {isa = PBXBuildFile; fileRef = F602DC951D6ED2E30076E05F /* main.m */; };
		F602DC991D6ED2E30076E05F /* AppDelegate.m in Sources */ = {isa = PBXBuildFile; fileRef = F602DC981D6ED2E30076E05F /* AppDelegate.m */; };
		F602DC9C1D6ED2E30076E05F /* ViewController.m in Sources */ = {isa = PBXBuildFile; fileRef = F602DC9B1D6ED2E30076E05F /* ViewController.m */; };
		F602DC9F1D6ED2E30076E05F /* Main.storyboard in Resources */ = {isa = PBXBuildFile; fileRef = F602DC9D1D6ED2E30076E05F /* Main.storyboard */; };
		F602DCA11D6ED2E30076E05F /* Assets.xcassets in Resources */ = {isa = PBXBuildFile; fileRef = F602DCA01D6ED2E30076E05F /* Assets.xcassets */; };
		F602DCA41D6ED2E30076E05F /* LaunchScreen.storyboard in Resources */ = {isa = PBXBuildFile; fileRef = F602DCA21D6ED2E30076E05F /* LaunchScreen.storyboard */; };
		F602DCB01D6ED43B0076E05F /* XMYBezierPath.m in Sources */ = {isa = PBXBuildFile; fileRef = F602DCAF1D6ED43B0076E05F /* XMYBezierPath.m */; };
		F602DCB31D6ED5440076E05F /* XMYDrawBoardView.m in Sources */ = {isa = PBXBuildFile; fileRef = F602DCB21D6ED5440076E05F /* XMYDrawBoardView.m */; };
/* End PBXBuildFile section */

/* Begin PBXFileReference section */
		F602DC911D6ED2E30076E05F /* 小画板.app */ = {isa = PBXFileReference; explicitFileType = wrapper.application; includeInIndex = 0; path = "小画板.app"; sourceTree = BUILT_PRODUCTS_DIR; };
		F602DC951D6ED2E30076E05F /* main.m */ = {isa = PBXFileReference; lastKnownFileType = sourcecode.c.objc; path = main.m; sourceTree = "<group>"; };
		F602DC971D6ED2E30076E05F /* AppDelegate.h */ = {isa = PBXFileReference; lastKnownFileType = sourcecode.c.h; path = AppDelegate.h; sourceTree = "<group>"; };
		F602DC981D6ED2E30076E05F /* AppDelegate.m */ = {isa = PBXFileReference; lastKnownFileType = sourcecode.c.objc; path = AppDelegate.m; sourceTree = "<group>"; };
		F602DC9A1D6ED2E30076E05F /* ViewController.h */ = {isa = PBXFileReference; lastKnownFileType = sourcecode.c.h; path = ViewController.h; sourceTree = "<group>"; };
		F602DC9B1D6ED2E30076E05F /* ViewController.m */ = {isa = PBXFileReference; lastKnownFileType = sourcecode.c.objc; path = ViewController.m; sourceTree = "<group>"; };
		F602DC9E1D6ED2E30076E05F /* Base */ = {isa = PBXFileReference; lastKnownFileType = file.storyboard; name = Base; path = Base.lproj/Main.storyboard; sourceTree = "<group>"; };
		F602DCA01D6ED2E30076E05F /* Assets.xcassets */ = {isa = PBXFileReference; lastKnownFileType = folder.assetcatalog; path = Assets.xcassets; sourceTree = "<group>"; };
		F602DCA31D6ED2E30076E05F /* Base */ = {isa = PBXFileReference; lastKnownFileType = file.storyboard; name = Base; path = Base.lproj/LaunchScreen.storyboard; sourceTree = "<group>"; };
		F602DCA51D6ED2E30076E05F /* Info.plist */ = {isa = PBXFileReference; lastKnownFileType = text.plist.xml; path = Info.plist; sourceTree = "<group>"; };
		F602DCAE1D6ED43B0076E05F /* XMYBezierPath.h */ = {isa = PBXFileReference; fileEncoding = 4; lastKnownFileType = sourcecode.c.h; path = XMYBezierPath.h; sourceTree = "<group>"; };
		F602DCAF1D6ED43B0076E05F /* XMYBezierPath.m */ = {isa = PBXFileReference; fileEncoding = 4; lastKnownFileType = sourcecode.c.objc; path = XMYBezierPath.m; sourceTree = "<group>"; };
		F602DCB11D6ED5440076E05F /* XMYDrawBoardView.h */ = {isa = PBXFileReference; fileEncoding = 4; lastKnownFileType = sourcecode.c.h; path = XMYDrawBoardView.h; sourceTree = "<group>"; };
		F602DCB21D6ED5440076E05F /* XMYDrawBoardView.m */ = {isa = PBXFileReference; fileEncoding = 4; lastKnownFileType = sourcecode.c.objc; path = XMYDrawBoardView.m; sourceTree = "<group>"; };
/* End PBXFileReference section */

/* Begin PBXFrameworksBuildPhase section */
		F602DC8E1D6ED2E30076E05F /* Frameworks */ = {
			isa = PBXFrameworksBuildPhase;
			buildActionMask = 2147483647;
			files = (
			);
			runOnlyForDeploymentPostprocessing = 0;
		};
/* End PBXFrameworksBuildPhase section */

/* Begin PBXGroup section */
		F602DC881D6ED2E30076E05F = {
			isa = PBXGroup;
			children = (
				F602DC931D6ED2E30076E05F /* 小画板 */,
				F602DC921D6ED2E30076E05F /* Products */,
			);
			sourceTree = "<group>";
		};
		F602DC921D6ED2E30076E05F /* Products */ = {
			isa = PBXGroup;
			children = (
				F602DC911D6ED2E30076E05F /* 小画板.app */,
			);
			name = Products;
			sourceTree = "<group>";
		};
		F602DC931D6ED2E30076E05F /* 小画板 */ = {
			isa = PBXGroup;
			children = (
				F602DC971D6ED2E30076E05F /* AppDelegate.h */,
				F602DC981D6ED2E30076E05F /* AppDelegate.m */,
				F602DC9A1D6ED2E30076E05F /* ViewController.h */,
				F602DC9B1D6ED2E30076E05F /* ViewController.m */,
				F602DC9D1D6ED2E30076E05F /* Main.storyboard */,
				F602DCA01D6ED2E30076E05F /* Assets.xcassets */,
				F602DCA21D6ED2E30076E05F /* LaunchScreen.storyboard */,
				F602DCA51D6ED2E30076E05F /* Info.plist */,
				F602DC941D6ED2E30076E05F /* Supporting Files */,
				F602DCAE1D6ED43B0076E05F /* XMYBezierPath.h */,
				F602DCAF1D6ED43B0076E05F /* XMYBezierPath.m */,
			);
			path = "小画板";
			sourceTree = "<group>";
		};
		F602DC941D6ED2E30076E05F /* Supporting Files */ = {
			isa = PBXGroup;
			children = (
				F602DC951D6ED2E30076E05F /* main.m */,
				F602DCB11D6ED5440076E05F /* XMYDrawBoardView.h */,
				F602DCB21D6ED5440076E05F /* XMYDrawBoardView.m */,
			);
			name = "Supporting Files";
			sourceTree = "<group>";
		};
/* End PBXGroup section */

/* Begin PBXNativeTarget section */
		F602DC901D6ED2E30076E05F /* 小画板 */ = {
			isa = PBXNativeTarget;
			buildConfigurationList = F602DCA81D6ED2E30076E05F /* Build configuration list for PBXNativeTarget "小画板" */;
			buildPhases = (
				F602DC8D1D6ED2E30076E05F /* Sources */,
				F602DC8E1D6ED2E30076E05F /* Frameworks */,
				F602DC8F1D6ED2E30076E05F /* Resources */,
			);
			buildRules = (
			);
			dependencies = (
			);
			name = "小画板";
			productName = "小画板";
			productReference = F602DC911D6ED2E30076E05F /* 小画板.app */;
			productType = "com.apple.product-type.application";
		};
/* End PBXNativeTarget section */

/* Begin PBXProject section */
		F602DC891D6ED2E30076E05F /* Project object */ = {
			isa = PBXProject;
			attributes = {
				CLASSPREFIX = XMY;
				LastUpgradeCheck = 0730;
				ORGANIZATIONNAME = xmy;
				TargetAttributes = {
					F602DC901D6ED2E30076E05F = {
						CreatedOnToolsVersion = 7.3;
					};
				};
			};
			buildConfigurationList = F602DC8C1D6ED2E30076E05F /* Build configuration list for PBXProject "小画板" */;
			compatibilityVersion = "Xcode 3.2";
			developmentRegion = English;
			hasScannedForEncodings = 0;
			knownRegions = (
				en,
				Base,
			);
			mainGroup = F602DC881D6ED2E30076E05F;
			productRefGroup = F602DC921D6ED2E30076E05F /* Products */;
			projectDirPath = "";
			projectRoot = "";
			targets = (
				F602DC901D6ED2E30076E05F /* 小画板 */,
			);
		};
/* End PBXProject section */

/* Begin PBXResourcesBuildPhase section */
		F602DC8F1D6ED2E30076E05F /* Resources */ = {
			isa = PBXResourcesBuildPhase;
			buildActionMask = 2147483647;
			files = (
				F602DCA41D6ED2E30076E05F /* LaunchScreen.storyboard in Resources */,
				F602DCA11D6ED2E30076E05F /* Assets.xcassets in Resources */,
				F602DC9F1D6ED2E30076E05F /* Main.storyboard in Resources */,
			);
			runOnlyForDeploymentPostprocessing = 0;
		};
/* End PBXResourcesBuildPhase section */

/* Begin PBXSourcesBuildPhase section */
		F602DC8D1D6ED2E30076E05F /* Sources */ = {
			isa = PBXSourcesBuildPhase;
			buildActionMask = 2147483647;
			files = (
				F602DCB31D6ED5440076E05F /* XMYDrawBoardView.m in Sources */,
				F602DC9C1D6ED2E30076E05F /* ViewController.m in Sources */,
				F602DC991D6ED2E30076E05F /* AppDelegate.m in Sources */,
				F602DCB01D6ED43B0076E05F /* XMYBezierPath.m in Sources */,
				F602DC961D6ED2E30076E05F /* main.m in Sources */,
			);
			runOnlyForDeploymentPostprocessing = 0;
		};
/* End PBXSourcesBuildPhase section */

/* Begin PBXVariantGroup section */
		F602DC9D1D6ED2E30076E05F /* Main.storyboard */ = {
			isa = PBXVariantGroup;
			children = (
				F602DC9E1D6ED2E30076E05F /* Base */,
			);
			name = Main.storyboard;
			sourceTree = "<group>";
		};
		F602DCA21D6ED2E30076E05F /* LaunchScreen.storyboard */ = {
			isa = PBXVariantGroup;
			children = (
				F602DCA31D6ED2E30076E05F /* Base */,
			);
			name = LaunchScreen.storyboard;
			sourceTree = "<group>";
		};
/* End PBXVariantGroup section */

/* Begin XCBuildConfiguration section */
		F602DCA61D6ED2E30076E05F /* Debug */ = {
			isa = XCBuildConfiguration;
			buildSettings = {
				ALWAYS_SEARCH_USER_PATHS = NO;
				CLANG_ANALYZER_NONNULL = YES;
				CLANG_CXX_LANGUAGE_STANDARD = "gnu++0x";
				CLANG_CXX_LIBRARY = "libc++";
				CLANG_ENABLE_MODULES = YES;
				CLANG_ENABLE_OBJC_ARC = YES;
				CLANG_WARN_BOOL_CONVERSION = YES;
				CLANG_WARN_CONSTANT_CONVERSION = YES;
				CLANG_WARN_DIRECT_OBJC_ISA_USAGE = YES_ERROR;
				CLANG_WARN_EMPTY_BODY = YES;
				CLANG_WARN_ENUM_CONVERSION = YES;
				CLANG_WARN_INT_CONVERSION = YES;
				CLANG_WARN_OBJC_ROOT_CLASS = YES_ERROR;
				CLANG_WARN_UNREACHABLE_CODE = YES;
				CLANG_WARN__DUPLICATE_METHOD_MATCH = YES;
				"CODE_SIGN_IDENTITY[sdk=iphoneos*]" = "iPhone Developer";
				COPY_PHASE_STRIP = NO;
				DEBUG_INFORMATION_FORMAT = dwarf;
				ENABLE_STRICT_OBJC_MSGSEND = YES;
				ENABLE_TESTABILITY = YES;
				GCC_C_LANGUAGE_STANDARD = gnu99;
				GCC_DYNAMIC_NO_PIC = NO;
				GCC_NO_COMMON_BLOCKS = YES;
				GCC_OPTIMIZATION_LEVEL = 0;
				GCC_PREPROCESSOR_DEFINITIONS = (
					"DEBUG=1",
					"$(inherited)",
				);
				GCC_WARN_64_TO_32_BIT_CONVERSION = YES;
				GCC_WARN_ABOUT_RETURN_TYPE = YES_ERROR;
				GCC_WARN_UNDECLARED_SELECTOR = YES;
				GCC_WARN_UNINITIALIZED_AUTOS = YES_AGGRESSIVE;
				GCC_WARN_UNUSED_FUNCTION = YES;
				GCC_WARN_UNUSED_VARIABLE = YES;
				IPHONEOS_DEPLOYMENT_TARGET = 9.3;
				MTL_ENABLE_DEBUG_INFO = YES;
				ONLY_ACTIVE_ARCH = YES;
				SDKROOT = iphoneos;
			};
			name = Debug;
		};
		F602DCA71D6ED2E30076E05F /* Release */ = {
			isa = XCBuildConfiguration;
			buildSettings = {
				ALWAYS_SEARCH_USER_PATHS = NO;
				CLANG_ANALYZER_NONNULL = YES;
				CLANG_CXX_LANGUAGE_STANDARD = "gnu++0x";
				CLANG_CXX_LIBRARY = "libc++";
				CLANG_ENABLE_MODULES = YES;
				CLANG_ENABLE_OBJC_ARC = YES;
				CLANG_WARN_BOOL_CONVERSION = YES;
				CLANG_WARN_CONSTANT_CONVERSION = YES;
				CLANG_WARN_DIRECT_OBJC_ISA_USAGE = YES_ERROR;
				CLANG_WARN_EMPTY_BODY = YES;
				CLANG_WARN_ENUM_CONVERSION = YES;
				CLANG_WARN_INT_CONVERSION = YES;
				CLANG_WARN_OBJC_ROOT_CLASS = YES_ERROR;
				CLANG_WARN_UNREACHABLE_CODE = YES;
				CLANG_WARN__DUPLICATE_METHOD_MATCH = YES;
				"CODE_SIGN_IDENTITY[sdk=iphoneos*]" = "iPhone Developer";
				COPY_PHASE_STRIP = NO;
				DEBUG_INFORMATION_FORMAT = "dwarf-with-dsym";
				ENABLE_NS_ASSERTIONS = NO;
				ENABLE_STRICT_OBJC_MSGSEND = YES;
				GCC_C_LANGUAGE_STANDARD = gnu99;
				GCC_NO_COMMON_BLOCKS = YES;
				GCC_WARN_64_TO_32_BIT_CONVERSION = YES;
				GCC_WARN_ABOUT_RETURN_TYPE = YES_ERROR;
				GCC_WARN_UNDECLARED_SELECTOR = YES;
				GCC_WARN_UNINITIALIZED_AUTOS = YES_AGGRESSIVE;
				GCC_WARN_UNUSED_FUNCTION = YES;
				GCC_WARN_UNUSED_VARIABLE = YES;
				IPHONEOS_DEPLOYMENT_TARGET = 9.3;
				MTL_ENABLE_DEBUG_INFO = NO;
				SDKROOT = iphoneos;
				VALIDATE_PRODUCT = YES;
			};
			name = Release;
		};
		F602DCA91D6ED2E30076E05F /* Debug */ = {
			isa = XCBuildConfiguration;
			buildSettings = {
				ASSETCATALOG_COMPILER_APPICON_NAME = AppIcon;
				INFOPLIST_FILE = "小画板/Info.plist";
				LD_RUNPATH_SEARCH_PATHS = "$(inherited) @executable_path/Frameworks";
				PRODUCT_BUNDLE_IDENTIFIER = "heima.---";
				PRODUCT_NAME = "$(TARGET_NAME)";
			};
			name = Debug;
		};
		F602DCAA1D6ED2E30076E05F /* Release */ = {
			isa = XCBuildConfiguration;
			buildSettings = {
				ASSETCATALOG_COMPILER_APPICON_NAME = AppIcon;
				INFOPLIST_FILE = "小画板/Info.plist";
				LD_RUNPATH_SEARCH_PATHS = "$(inherited) @executable_path/Frameworks";
				PRODUCT_BUNDLE_IDENTIFIER = "heima.---";
				PRODUCT_NAME = "$(TARGET_NAME)";
			};
			name = Release;
		};
/* End XCBuildConfiguration section */

/* Begin XCConfigurationList section */
		F602DC8C1D6ED2E30076E05F /* Build configuration list for PBXProject "小画板" */ = {
			isa = XCConfigurationList;
			buildConfigurations = (
				F602DCA61D6ED2E30076E05F /* Debug */,
				F602DCA71D6ED2E30076E05F /* Release */,
			);
			defaultConfigurationIsVisible = 0;
			defaultConfigurationName = Release;
		};
		F602DCA81D6ED2E30076E05F /* Build configuration list for PBXNativeTarget "小画板" */ = {
			isa = XCConfigurationList;
			buildConfigurations = (
				F602DCA91D6ED2E30076E05F /* Debug */,
				F602DCAA1D6ED2E30076E05F /* Release */,
			);
			defaultConfigurationIsVisible = 0;
		};
/* End XCConfigurationList section */
	};
	rootObject = F602DC891D6ED2E30076E05F /* Project object */;
}
